
Microsoft Visual Studio Solution File, Format Version 12.00
# Visual Studio Version 17
VisualStudioVersion = 17.5.33516.290
MinimumVisualStudioVersion = 10.0.40219.1
Project("{FAE04EC0-301F-11D3-BF4B-00C04F79EFBC}") = "Dino-Game-with-MonoGame", "Dino-Game-with-MonoGame\Dino-Game-with-MonoGame.csproj", "{52A138A0-B406-4509-9518-10BC20961E1C}"
EndProject
Global
	GlobalSection(SolutionConfigurationPlatforms) = preSolution
		Debug|Any CPU = Debug|Any CPU
		Release|Any CPU = Release|Any CPU
	EndGlobalSection
	GlobalSection(ProjectConfigurationPlatforms) = postSolution
		{52A138A0-B406-4509-9518-10BC20961E1C}.Debug|Any CPU.ActiveCfg = Debug|Any CPU
		{52A138A0-B406-4509-9518-10BC20961E1C}.Debug|Any CPU.Build.0 = Debug|Any CPU
		{52A138A0-B406-4509-9518-10BC20961E1C}.Release|Any CPU.ActiveCfg = Release|Any CPU
		{52A138A0-B406-4509-9518-10BC20961E1C}.Release|Any CPU.Build.0 = Release|Any CPU
	EndGlobalSection
	GlobalSection(SolutionProperties) = preSolution
		HideSolutionNode = FALSE
	EndGlobalSection
	GlobalSection(ExtensibilityGlobals) = postSolution
		SolutionGuid = {88B1B302-52CC-43D7-AB27-DD9DA22CC67C}
	EndGlobalSection
EndGlobal
